
Microsoft Visual Studio Solution File, Format Version 12.00
# Visual Studio Version 16
VisualStudioVersion = 16.0.29418.71
MinimumVisualStudioVersion = 10.0.40219.1
Project("{FAE04EC0-301F-11D3-BF4B-00C04F79EFBC}") = "GitWindowsFormsApp", "GitWindowsFormsApp.csproj", "{17069DD5-A85A-4AD9-B269-25AEBF19EF55}"
EndProject
Global
	GlobalSection(SolutionConfigurationPlatforms) = preSolution
		Debug|Any CPU = Debug|Any CPU
		Release|Any CPU = Release|Any CPU
	EndGlobalSection
	GlobalSection(ProjectConfigurationPlatforms) = postSolution
		{17069DD5-A85A-4AD9-B269-25AEBF19EF55}.Debug|Any CPU.ActiveCfg = Debug|Any CPU
		{17069DD5-A85A-4AD9-B269-25AEBF19EF55}.Debug|Any CPU.Build.0 = Debug|Any CPU
		{17069DD5-A85A-4AD9-B269-25AEBF19EF55}.Release|Any CPU.ActiveCfg = Release|Any CPU
		{17069DD5-A85A-4AD9-B269-25AEBF19EF55}.Release|Any CPU.Build.0 = Release|Any CPU
	EndGlobalSection
	GlobalSection(SolutionProperties) = preSolution
		HideSolutionNode = FALSE
	EndGlobalSection
	GlobalSection(ExtensibilityGlobals) = postSolution
		SolutionGuid = {5BD9C21C-1394-497E-9A18-B0CB8BB0C044}
	EndGlobalSection
EndGlobal
